PODS:
  - CBFlashyTabBarController (0.8.3)
  - OpenGraph (1.3.0)

DEPENDENCIES:
  - CBFlashyTabBarController
  - OpenGraph

SPEC REPOS:
  trunk:
    - CBFlashyTabBarController
    - OpenGraph

SPEC CHECKSUMS:
  CBFlashyTabBarController: bc6b11dd4cbc9b54785c8944156e2f4d4f03b088
  OpenGraph: 50242907f6fd3f8a9916f33c8cbb7b488d915814

PODFILE CHECKSUM: 34f840793b498f0e20f6d3046893e76b0aff71f7

COCOAPODS: 1.10.1
